
Microsoft Visual Studio Solution File, Format Version 12.00
# Visual Studio 15
VisualStudioVersion = 15.0.27004.2002
MinimumVisualStudioVersion = 10.0.40219.1
Project("{888888A0-9F3D-457C-B088-3A5042F75D52}") = "imager", "imager\imager.pyproj", "{BD13459A-82D8-44E5-9E2D-47D55DC27692}"
EndProject
Global
	GlobalSection(SolutionConfigurationPlatforms) = preSolution
		Debug|Any CPU = Debug|Any CPU
		Release|Any CPU = Release|Any CPU
	EndGlobalSection
	GlobalSection(ProjectConfigurationPlatforms) = postSolution
		{BD13459A-82D8-44E5-9E2D-47D55DC27692}.Debug|Any CPU.ActiveCfg = Debug|Any CPU
		{BD13459A-82D8-44E5-9E2D-47D55DC27692}.Release|Any CPU.ActiveCfg = Release|Any CPU
	EndGlobalSection
	GlobalSection(SolutionProperties) = preSolution
		HideSolutionNode = FALSE
	EndGlobalSection
	GlobalSection(ExtensibilityGlobals) = postSolution
		SolutionGuid = {D3855959-F545-4229-8329-23696026A650}
	EndGlobalSection
EndGlobal
